{
  "requires": true,
  "lockfileVersion": 1,
  "dependencies": {
    "spaceship-prompt": {
      "version": "3.11.2",
      "resolved": "https://registry.npmjs.org/spaceship-prompt/-/spaceship-prompt-3.11.2.tgz",
      "integrity": "sha512-BI1oTiJPFFC03wXzJDa03Y5jnRcrrqAg8utwcRHaopTlgbZral/9nH/NgpYyFiB9AtfCfBYGhcVvVC3kzNoV/Q=="
    }
  }
}
